
Microsoft Visual Studio Solution File, Format Version 12.00
# Visual Studio Version 16
VisualStudioVersion = 16.0.30621.155
MinimumVisualStudioVersion = 10.0.40219.1
Project("{8BC9CEB8-8B4A-11D0-8D11-00A0C91BC942}") = "DataStructuresA2", "DataStructuresA2\DataStructuresA2.vcxproj", "{EB32242C-8C43-4755-AEEB-E83CC0B9AA1D}"
EndProject
Global
	GlobalSection(SolutionConfigurationPlatforms) = preSolution
		Debug|x64 = Debug|x64
		Debug|x86 = Debug|x86
		Release|x64 = Release|x64
		Release|x86 = Release|x86
	EndGlobalSection
	GlobalSection(ProjectConfigurationPlatforms) = postSolution
		{EB32242C-8C43-4755-AEEB-E83CC0B9AA1D}.Debug|x64.ActiveCfg = Debug|x64
		{EB32242C-8C43-4755-AEEB-E83CC0B9AA1D}.Debug|x64.Build.0 = Debug|x64
		{EB32242C-8C43-4755-AEEB-E83CC0B9AA1D}.Debug|x86.ActiveCfg = Debug|Win32
		{EB32242C-8C43-4755-AEEB-E83CC0B9AA1D}.Debug|x86.Build.0 = Debug|Win32
		{EB32242C-8C43-4755-AEEB-E83CC0B9AA1D}.Release|x64.ActiveCfg = Release|x64
		{EB32242C-8C43-4755-AEEB-E83CC0B9AA1D}.Release|x64.Build.0 = Release|x64
		{EB32242C-8C43-4755-AEEB-E83CC0B9AA1D}.Release|x86.ActiveCfg = Release|Win32
		{EB32242C-8C43-4755-AEEB-E83CC0B9AA1D}.Release|x86.Build.0 = Release|Win32
	EndGlobalSection
	GlobalSection(SolutionProperties) = preSolution
		HideSolutionNode = FALSE
	EndGlobalSection
	GlobalSection(ExtensibilityGlobals) = postSolution
		SolutionGuid = {3C5530A7-27E7-4933-B2CF-202FE0EC97EF}
	EndGlobalSection
EndGlobal
